
Microsoft Visual Studio Solution File, Format Version 12.00
# Visual Studio Version 17
VisualStudioVersion = 17.1.32210.238
MinimumVisualStudioVersion = 10.0.40219.1
Project("{9A19103F-16F7-4668-BE54-9A1E7A4F7556}") = "MvcMovie", "MvcMovie.csproj", "{75A1EDAF-09CB-4C01-9D73-A54AE76F404C}"
EndProject
Global
	GlobalSection(SolutionConfigurationPlatforms) = preSolution
		Debug|Any CPU = Debug|Any CPU
		Release|Any CPU = Release|Any CPU
	EndGlobalSection
	GlobalSection(ProjectConfigurationPlatforms) = postSolution
		{75A1EDAF-09CB-4C01-9D73-A54AE76F404C}.Debug|Any CPU.ActiveCfg = Debug|Any CPU
		{75A1EDAF-09CB-4C01-9D73-A54AE76F404C}.Debug|Any CPU.Build.0 = Debug|Any CPU
		{75A1EDAF-09CB-4C01-9D73-A54AE76F404C}.Release|Any CPU.ActiveCfg = Release|Any CPU
		{75A1EDAF-09CB-4C01-9D73-A54AE76F404C}.Release|Any CPU.Build.0 = Release|Any CPU
	EndGlobalSection
	GlobalSection(SolutionProperties) = preSolution
		HideSolutionNode = FALSE
	EndGlobalSection
	GlobalSection(ExtensibilityGlobals) = postSolution
		SolutionGuid = {103C8855-FCFA-44A6-BC6D-B66A1584FA86}
	EndGlobalSection
EndGlobal
